
Microsoft Visual Studio Solution File, Format Version 12.00
# Visual Studio Version 17
VisualStudioVersion = 17.7.34018.315
MinimumVisualStudioVersion = 10.0.40219.1
Project("{8BC9CEB8-8B4A-11D0-8D11-00A0C91BC942}") = "Project1", "Project1.vcxproj", "{7AB9CC39-134B-48AA-96EA-7C5493588466}"
EndProject
Global
	GlobalSection(SolutionConfigurationPlatforms) = preSolution
		Debug|x64 = Debug|x64
		Debug|x86 = Debug|x86
		Release|x64 = Release|x64
		Release|x86 = Release|x86
	EndGlobalSection
	GlobalSection(ProjectConfigurationPlatforms) = postSolution
		{7AB9CC39-134B-48AA-96EA-7C5493588466}.Debug|x64.ActiveCfg = Debug|x64
		{7AB9CC39-134B-48AA-96EA-7C5493588466}.Debug|x64.Build.0 = Debug|x64
		{7AB9CC39-134B-48AA-96EA-7C5493588466}.Debug|x86.ActiveCfg = Debug|Win32
		{7AB9CC39-134B-48AA-96EA-7C5493588466}.Debug|x86.Build.0 = Debug|Win32
		{7AB9CC39-134B-48AA-96EA-7C5493588466}.Release|x64.ActiveCfg = Release|x64
		{7AB9CC39-134B-48AA-96EA-7C5493588466}.Release|x64.Build.0 = Release|x64
		{7AB9CC39-134B-48AA-96EA-7C5493588466}.Release|x86.ActiveCfg = Release|Win32
		{7AB9CC39-134B-48AA-96EA-7C5493588466}.Release|x86.Build.0 = Release|Win32
	EndGlobalSection
	GlobalSection(SolutionProperties) = preSolution
		HideSolutionNode = FALSE
	EndGlobalSection
	GlobalSection(ExtensibilityGlobals) = postSolution
		SolutionGuid = {229AC0F1-88EC-4AAF-9655-C90C55071A71}
	EndGlobalSection
EndGlobal
